
Microsoft Visual Studio Solution File, Format Version 12.00
# Visual Studio Version 16
VisualStudioVersion = 16.0.28922.388
MinimumVisualStudioVersion = 10.0.40219.1
Project("{FAE04EC0-301F-11D3-BF4B-00C04F79EFBC}") = "TimeTracking", "TimeTracking\TimeTracking.csproj", "{FA0B5AFB-5B61-41FB-9AEA-2B652D274F54}"
EndProject
Global
	GlobalSection(SolutionConfigurationPlatforms) = preSolution
		Debug|Any CPU = Debug|Any CPU
		Release|Any CPU = Release|Any CPU
	EndGlobalSection
	GlobalSection(ProjectConfigurationPlatforms) = postSolution
		{FA0B5AFB-5B61-41FB-9AEA-2B652D274F54}.Debug|Any CPU.ActiveCfg = Debug|Any CPU
		{FA0B5AFB-5B61-41FB-9AEA-2B652D274F54}.Debug|Any CPU.Build.0 = Debug|Any CPU
		{FA0B5AFB-5B61-41FB-9AEA-2B652D274F54}.Release|Any CPU.ActiveCfg = Release|Any CPU
		{FA0B5AFB-5B61-41FB-9AEA-2B652D274F54}.Release|Any CPU.Build.0 = Release|Any CPU
	EndGlobalSection
	GlobalSection(SolutionProperties) = preSolution
		HideSolutionNode = FALSE
	EndGlobalSection
	GlobalSection(ExtensibilityGlobals) = postSolution
		SolutionGuid = {763AF6D6-B751-4E42-BCB3-1467C60E5312}
	EndGlobalSection
EndGlobal
